
Microsoft Visual Studio Solution File, Format Version 12.00
# Visual Studio Version 16
VisualStudioVersion = 16.0.31205.134
MinimumVisualStudioVersion = 10.0.40219.1
Project("{FAE04EC0-301F-11D3-BF4B-00C04F79EFBC}") = "PersonalTimeTracker", "PersonalTimeTracker.csproj", "{611A7306-5A5F-4477-AAE8-7A4BD867C25A}"
EndProject
Global
	GlobalSection(SolutionConfigurationPlatforms) = preSolution
		Debug|Any CPU = Debug|Any CPU
		Release|Any CPU = Release|Any CPU
	EndGlobalSection
	GlobalSection(ProjectConfigurationPlatforms) = postSolution
		{611A7306-5A5F-4477-AAE8-7A4BD867C25A}.Debug|Any CPU.ActiveCfg = Debug|Any CPU
		{611A7306-5A5F-4477-AAE8-7A4BD867C25A}.Debug|Any CPU.Build.0 = Debug|Any CPU
		{611A7306-5A5F-4477-AAE8-7A4BD867C25A}.Release|Any CPU.ActiveCfg = Release|Any CPU
		{611A7306-5A5F-4477-AAE8-7A4BD867C25A}.Release|Any CPU.Build.0 = Release|Any CPU
	EndGlobalSection
	GlobalSection(SolutionProperties) = preSolution
		HideSolutionNode = FALSE
	EndGlobalSection
	GlobalSection(ExtensibilityGlobals) = postSolution
		SolutionGuid = {4D63DD38-23F9-4F4A-9C74-F3C9A9C20689}
	EndGlobalSection
EndGlobal
